
Microsoft Visual Studio Solution File, Format Version 12.00
# Visual Studio Version 17
VisualStudioVersion = 17.3.32819.101
MinimumVisualStudioVersion = 10.0.40219.1
Project("{FAE04EC0-301F-11D3-BF4B-00C04F79EFBC}") = "nouveauTest", "nouveauTest\nouveauTest.csproj", "{3F57EECA-EE71-42D0-A81C-B85087E1C377}"
EndProject
Global
	GlobalSection(SolutionConfigurationPlatforms) = preSolution
		Debug|Any CPU = Debug|Any CPU
		Release|Any CPU = Release|Any CPU
	EndGlobalSection
	GlobalSection(ProjectConfigurationPlatforms) = postSolution
		{3F57EECA-EE71-42D0-A81C-B85087E1C377}.Debug|Any CPU.ActiveCfg = Debug|Any CPU
		{3F57EECA-EE71-42D0-A81C-B85087E1C377}.Debug|Any CPU.Build.0 = Debug|Any CPU
		{3F57EECA-EE71-42D0-A81C-B85087E1C377}.Release|Any CPU.ActiveCfg = Release|Any CPU
		{3F57EECA-EE71-42D0-A81C-B85087E1C377}.Release|Any CPU.Build.0 = Release|Any CPU
	EndGlobalSection
	GlobalSection(SolutionProperties) = preSolution
		HideSolutionNode = FALSE
	EndGlobalSection
	GlobalSection(ExtensibilityGlobals) = postSolution
		SolutionGuid = {E9C4AB81-C77D-46F7-B46B-E50E408C31A9}
	EndGlobalSection
EndGlobal
